
Microsoft Visual Studio Solution File, Format Version 12.00
# Visual Studio Version 17
VisualStudioVersion = 17.11.35327.3
MinimumVisualStudioVersion = 10.0.40219.1
Project("{FAE04EC0-301F-11D3-BF4B-00C04F79EFBC}") = "TRXInjectionTool", "src\TRXInjectionTool.csproj", "{2DFCF9CD-E844-4CA9-BC88-232ADB0102E8}"
EndProject
Project("{2150E333-8FDC-42A3-9474-1A3956D46DE8}") = "sdk", "sdk", "{FF13A09E-0E72-1904-124B-A4E979EF28D3}"
EndProject
Project("{FAE04EC0-301F-11D3-BF4B-00C04F79EFBC}") = "TRXInjection.Sdk", "sdk\TRXInjection.Sdk.csproj", "{A060701D-35CA-4778-8A23-DAB8CA236CE8}"
EndProject
Project("{2150E333-8FDC-42A3-9474-1A3956D46DE8}") = "TombIO", "TombIO", "{C80040E6-51AF-04FB-6CCE-1972CB552A42}"
EndProject
Project("{FAE04EC0-301F-11D3-BF4B-00C04F79EFBC}") = "TRLevelControl", "TombIO\TRLevelControl\TRLevelControl.csproj", "{D06CBDFB-586E-4ED7-B7CC-F2AC817C9DF3}"
EndProject
Project("{FAE04EC0-301F-11D3-BF4B-00C04F79EFBC}") = "TRImageControl", "TombIO\TRImageControl\TRImageControl.csproj", "{FEF4631B-5EB6-41AD-A210-5C3C761CD0F6}"
EndProject
Project("{2150E333-8FDC-42A3-9474-1A3956D46DE8}") = "RectanglePacker", "RectanglePacker", "{3467F506-6995-3FC6-BB5E-6101C977D886}"
EndProject
Project("{FAE04EC0-301F-11D3-BF4B-00C04F79EFBC}") = "RectanglePacker", "TombIO\RectanglePacker\RectanglePacker\RectanglePacker.csproj", "{9E350551-4BFE-4CBD-ADAE-9539CA1B913F}"
EndProject
Project("{FAE04EC0-301F-11D3-BF4B-00C04F79EFBC}") = "TRDataControl", "TombIO\TRDataControl\TRDataControl.csproj", "{BBA43293-A6F6-4FA4-82FC-8684EBE003E7}"
EndProject
Project("{FAE04EC0-301F-11D3-BF4B-00C04F79EFBC}") = "TRLevelReader", "TombIO\TRLevelReader\TRLevelReader.csproj", "{DD89C924-ED0B-484B-9FBB-4C10E671B242}"
EndProject
Project("{2150E333-8FDC-42A3-9474-1A3956D46DE8}") = "samples", "samples", "{5D20AA90-6969-D8BD-9DCD-8634F4692FDA}"
EndProject
Project("{FAE04EC0-301F-11D3-BF4B-00C04F79EFBC}") = "ExamplePlugin", "samples\ExamplePlugin\ExamplePlugin.csproj", "{DCCDA681-8764-48D2-8E0F-0A58EB5E2853}"
EndProject
Global
	GlobalSection(SolutionConfigurationPlatforms) = preSolution
		Debug|Any CPU = Debug|Any CPU
		Debug|x64 = Debug|x64
		Debug|x86 = Debug|x86
		Release|Any CPU = Release|Any CPU
		Release|x64 = Release|x64
		Release|x86 = Release|x86
	EndGlobalSection
	GlobalSection(ProjectConfigurationPlatforms) = postSolution
		{2DFCF9CD-E844-4CA9-BC88-232ADB0102E8}.Debug|Any CPU.ActiveCfg = Debug|Any CPU
		{2DFCF9CD-E844-4CA9-BC88-232ADB0102E8}.Debug|Any CPU.Build.0 = Debug|Any CPU
		{2DFCF9CD-E844-4CA9-BC88-232ADB0102E8}.Debug|x64.ActiveCfg = Debug|Any CPU
		{2DFCF9CD-E844-4CA9-BC88-232ADB0102E8}.Debug|x64.Build.0 = Debug|Any CPU
		{2DFCF9CD-E844-4CA9-BC88-232ADB0102E8}.Debug|x86.ActiveCfg = Debug|Any CPU
		{2DFCF9CD-E844-4CA9-BC88-232ADB0102E8}.Debug|x86.Build.0 = Debug|Any CPU
		{2DFCF9CD-E844-4CA9-BC88-232ADB0102E8}.Release|Any CPU.ActiveCfg = Release|Any CPU
		{2DFCF9CD-E844-4CA9-BC88-232ADB0102E8}.Release|Any CPU.Build.0 = Release|Any CPU
		{2DFCF9CD-E844-4CA9-BC88-232ADB0102E8}.Release|x64.ActiveCfg = Release|Any CPU
		{2DFCF9CD-E844-4CA9-BC88-232ADB0102E8}.Release|x64.Build.0 = Release|Any CPU
		{2DFCF9CD-E844-4CA9-BC88-232ADB0102E8}.Release|x86.ActiveCfg = Release|Any CPU
		{2DFCF9CD-E844-4CA9-BC88-232ADB0102E8}.Release|x86.Build.0 = Release|Any CPU
		{A060701D-35CA-4778-8A23-DAB8CA236CE8}.Debug|Any CPU.ActiveCfg = Debug|Any CPU
		{A060701D-35CA-4778-8A23-DAB8CA236CE8}.Debug|Any CPU.Build.0 = Debug|Any CPU
		{A060701D-35CA-4778-8A23-DAB8CA236CE8}.Debug|x64.ActiveCfg = Debug|Any CPU
		{A060701D-35CA-4778-8A23-DAB8CA236CE8}.Debug|x64.Build.0 = Debug|Any CPU
		{A060701D-35CA-4778-8A23-DAB8CA236CE8}.Debug|x86.ActiveCfg = Debug|Any CPU
		{A060701D-35CA-4778-8A23-DAB8CA236CE8}.Debug|x86.Build.0 = Debug|Any CPU
		{A060701D-35CA-4778-8A23-DAB8CA236CE8}.Release|Any CPU.ActiveCfg = Release|Any CPU
		{A060701D-35CA-4778-8A23-DAB8CA236CE8}.Release|Any CPU.Build.0 = Release|Any CPU
		{A060701D-35CA-4778-8A23-DAB8CA236CE8}.Release|x64.ActiveCfg = Release|Any CPU
		{A060701D-35CA-4778-8A23-DAB8CA236CE8}.Release|x64.Build.0 = Release|Any CPU
		{A060701D-35CA-4778-8A23-DAB8CA236CE8}.Release|x86.ActiveCfg = Release|Any CPU
		{A060701D-35CA-4778-8A23-DAB8CA236CE8}.Release|x86.Build.0 = Release|Any CPU
		{D06CBDFB-586E-4ED7-B7CC-F2AC817C9DF3}.Debug|Any CPU.ActiveCfg = Debug|Any CPU
		{D06CBDFB-586E-4ED7-B7CC-F2AC817C9DF3}.Debug|Any CPU.Build.0 = Debug|Any CPU
		{D06CBDFB-586E-4ED7-B7CC-F2AC817C9DF3}.Debug|x64.ActiveCfg = Debug|Any CPU
		{D06CBDFB-586E-4ED7-B7CC-F2AC817C9DF3}.Debug|x64.Build.0 = Debug|Any CPU
		{D06CBDFB-586E-4ED7-B7CC-F2AC817C9DF3}.Debug|x86.ActiveCfg = Debug|Any CPU
		{D06CBDFB-586E-4ED7-B7CC-F2AC817C9DF3}.Debug|x86.Build.0 = Debug|Any CPU
		{D06CBDFB-586E-4ED7-B7CC-F2AC817C9DF3}.Release|Any CPU.ActiveCfg = Release|Any CPU
		{D06CBDFB-586E-4ED7-B7CC-F2AC817C9DF3}.Release|Any CPU.Build.0 = Release|Any CPU
		{D06CBDFB-586E-4ED7-B7CC-F2AC817C9DF3}.Release|x64.ActiveCfg = Release|Any CPU
		{D06CBDFB-586E-4ED7-B7CC-F2AC817C9DF3}.Release|x64.Build.0 = Release|Any CPU
		{D06CBDFB-586E-4ED7-B7CC-F2AC817C9DF3}.Release|x86.ActiveCfg = Release|Any CPU
		{D06CBDFB-586E-4ED7-B7CC-F2AC817C9DF3}.Release|x86.Build.0 = Release|Any CPU
		{FEF4631B-5EB6-41AD-A210-5C3C761CD0F6}.Debug|Any CPU.ActiveCfg = Debug|Any CPU
		{FEF4631B-5EB6-41AD-A210-5C3C761CD0F6}.Debug|Any CPU.Build.0 = Debug|Any CPU
		{FEF4631B-5EB6-41AD-A210-5C3C761CD0F6}.Debug|x64.ActiveCfg = Debug|Any CPU
		{FEF4631B-5EB6-41AD-A210-5C3C761CD0F6}.Debug|x64.Build.0 = Debug|Any CPU
		{FEF4631B-5EB6-41AD-A210-5C3C761CD0F6}.Debug|x86.ActiveCfg = Debug|Any CPU
		{FEF4631B-5EB6-41AD-A210-5C3C761CD0F6}.Debug|x86.Build.0 = Debug|Any CPU
		{FEF4631B-5EB6-41AD-A210-5C3C761CD0F6}.Release|Any CPU.ActiveCfg = Release|Any CPU
		{FEF4631B-5EB6-41AD-A210-5C3C761CD0F6}.Release|Any CPU.Build.0 = Release|Any CPU
		{FEF4631B-5EB6-41AD-A210-5C3C761CD0F6}.Release|x64.ActiveCfg = Release|Any CPU
		{FEF4631B-5EB6-41AD-A210-5C3C761CD0F6}.Release|x64.Build.0 = Release|Any CPU
		{FEF4631B-5EB6-41AD-A210-5C3C761CD0F6}.Release|x86.ActiveCfg = Release|Any CPU
		{FEF4631B-5EB6-41AD-A210-5C3C761CD0F6}.Release|x86.Build.0 = Release|Any CPU
		{9E350551-4BFE-4CBD-ADAE-9539CA1B913F}.Debug|Any CPU.ActiveCfg = Debug|Any CPU
		{9E350551-4BFE-4CBD-ADAE-9539CA1B913F}.Debug|Any CPU.Build.0 = Debug|Any CPU
		{9E350551-4BFE-4CBD-ADAE-9539CA1B913F}.Debug|x64.ActiveCfg = Debug|Any CPU
		{9E350551-4BFE-4CBD-ADAE-9539CA1B913F}.Debug|x64.Build.0 = Debug|Any CPU
		{9E350551-4BFE-4CBD-ADAE-9539CA1B913F}.Debug|x86.ActiveCfg = Debug|Any CPU
		{9E350551-4BFE-4CBD-ADAE-9539CA1B913F}.Debug|x86.Build.0 = Debug|Any CPU
		{9E350551-4BFE-4CBD-ADAE-9539CA1B913F}.Release|Any CPU.ActiveCfg = Release|Any CPU
		{9E350551-4BFE-4CBD-ADAE-9539CA1B913F}.Release|Any CPU.Build.0 = Release|Any CPU
		{9E350551-4BFE-4CBD-ADAE-9539CA1B913F}.Release|x64.ActiveCfg = Release|Any CPU
		{9E350551-4BFE-4CBD-ADAE-9539CA1B913F}.Release|x64.Build.0 = Release|Any CPU
		{9E350551-4BFE-4CBD-ADAE-9539CA1B913F}.Release|x86.ActiveCfg = Release|Any CPU
		{9E350551-4BFE-4CBD-ADAE-9539CA1B913F}.Release|x86.Build.0 = Release|Any CPU
		{BBA43293-A6F6-4FA4-82FC-8684EBE003E7}.Debug|Any CPU.ActiveCfg = Debug|Any CPU
		{BBA43293-A6F6-4FA4-82FC-8684EBE003E7}.Debug|Any CPU.Build.0 = Debug|Any CPU
		{BBA43293-A6F6-4FA4-82FC-8684EBE003E7}.Debug|x64.ActiveCfg = Debug|Any CPU
		{BBA43293-A6F6-4FA4-82FC-8684EBE003E7}.Debug|x64.Build.0 = Debug|Any CPU
		{BBA43293-A6F6-4FA4-82FC-8684EBE003E7}.Debug|x86.ActiveCfg = Debug|Any CPU
		{BBA43293-A6F6-4FA4-82FC-8684EBE003E7}.Debug|x86.Build.0 = Debug|Any CPU
		{BBA43293-A6F6-4FA4-82FC-8684EBE003E7}.Release|Any CPU.ActiveCfg = Release|Any CPU
		{BBA43293-A6F6-4FA4-82FC-8684EBE003E7}.Release|Any CPU.Build.0 = Release|Any CPU
		{BBA43293-A6F6-4FA4-82FC-8684EBE003E7}.Release|x64.ActiveCfg = Release|Any CPU
		{BBA43293-A6F6-4FA4-82FC-8684EBE003E7}.Release|x64.Build.0 = Release|Any CPU
		{BBA43293-A6F6-4FA4-82FC-8684EBE003E7}.Release|x86.ActiveCfg = Release|Any CPU
		{BBA43293-A6F6-4FA4-82FC-8684EBE003E7}.Release|x86.Build.0 = Release|Any CPU
		{DD89C924-ED0B-484B-9FBB-4C10E671B242}.Debug|Any CPU.ActiveCfg = Debug|Any CPU
		{DD89C924-ED0B-484B-9FBB-4C10E671B242}.Debug|Any CPU.Build.0 = Debug|Any CPU
		{DD89C924-ED0B-484B-9FBB-4C10E671B242}.Debug|x64.ActiveCfg = Debug|Any CPU
		{DD89C924-ED0B-484B-9FBB-4C10E671B242}.Debug|x64.Build.0 = Debug|Any CPU
		{DD89C924-ED0B-484B-9FBB-4C10E671B242}.Debug|x86.ActiveCfg = Debug|Any CPU
		{DD89C924-ED0B-484B-9FBB-4C10E671B242}.Debug|x86.Build.0 = Debug|Any CPU
		{DD89C924-ED0B-484B-9FBB-4C10E671B242}.Release|Any CPU.ActiveCfg = Release|Any CPU
		{DD89C924-ED0B-484B-9FBB-4C10E671B242}.Release|Any CPU.Build.0 = Release|Any CPU
		{DD89C924-ED0B-484B-9FBB-4C10E671B242}.Release|x64.ActiveCfg = Release|Any CPU
		{DD89C924-ED0B-484B-9FBB-4C10E671B242}.Release|x64.Build.0 = Release|Any CPU
		{DD89C924-ED0B-484B-9FBB-4C10E671B242}.Release|x86.ActiveCfg = Release|Any CPU
		{DD89C924-ED0B-484B-9FBB-4C10E671B242}.Release|x86.Build.0 = Release|Any CPU
		{DCCDA681-8764-48D2-8E0F-0A58EB5E2853}.Debug|Any CPU.ActiveCfg = Debug|Any CPU
		{DCCDA681-8764-48D2-8E0F-0A58EB5E2853}.Debug|Any CPU.Build.0 = Debug|Any CPU
		{DCCDA681-8764-48D2-8E0F-0A58EB5E2853}.Debug|x64.ActiveCfg = Debug|Any CPU
		{DCCDA681-8764-48D2-8E0F-0A58EB5E2853}.Debug|x64.Build.0 = Debug|Any CPU
		{DCCDA681-8764-48D2-8E0F-0A58EB5E2853}.Debug|x86.ActiveCfg = Debug|Any CPU
		{DCCDA681-8764-48D2-8E0F-0A58EB5E2853}.Debug|x86.Build.0 = Debug|Any CPU
		{DCCDA681-8764-48D2-8E0F-0A58EB5E2853}.Release|Any CPU.ActiveCfg = Release|Any CPU
		{DCCDA681-8764-48D2-8E0F-0A58EB5E2853}.Release|Any CPU.Build.0 = Release|Any CPU
		{DCCDA681-8764-48D2-8E0F-0A58EB5E2853}.Release|x64.ActiveCfg = Release|Any CPU
		{DCCDA681-8764-48D2-8E0F-0A58EB5E2853}.Release|x64.Build.0 = Release|Any CPU
		{DCCDA681-8764-48D2-8E0F-0A58EB5E2853}.Release|x86.ActiveCfg = Release|Any CPU
		{DCCDA681-8764-48D2-8E0F-0A58EB5E2853}.Release|x86.Build.0 = Release|Any CPU
	EndGlobalSection
	GlobalSection(SolutionProperties) = preSolution
		HideSolutionNode = FALSE
	EndGlobalSection
	GlobalSection(NestedProjects) = preSolution
		{A060701D-35CA-4778-8A23-DAB8CA236CE8} = {FF13A09E-0E72-1904-124B-A4E979EF28D3}
		{D06CBDFB-586E-4ED7-B7CC-F2AC817C9DF3} = {C80040E6-51AF-04FB-6CCE-1972CB552A42}
		{FEF4631B-5EB6-41AD-A210-5C3C761CD0F6} = {C80040E6-51AF-04FB-6CCE-1972CB552A42}
		{3467F506-6995-3FC6-BB5E-6101C977D886} = {C80040E6-51AF-04FB-6CCE-1972CB552A42}
		{9E350551-4BFE-4CBD-ADAE-9539CA1B913F} = {3467F506-6995-3FC6-BB5E-6101C977D886}
		{BBA43293-A6F6-4FA4-82FC-8684EBE003E7} = {C80040E6-51AF-04FB-6CCE-1972CB552A42}
		{DD89C924-ED0B-484B-9FBB-4C10E671B242} = {C80040E6-51AF-04FB-6CCE-1972CB552A42}
		{DCCDA681-8764-48D2-8E0F-0A58EB5E2853} = {5D20AA90-6969-D8BD-9DCD-8634F4692FDA}
	EndGlobalSection
	GlobalSection(ExtensibilityGlobals) = postSolution
		SolutionGuid = {2DC99F9C-89A7-4251-8857-7ED1220F38AD}
	EndGlobalSection
EndGlobal
